// !$*UTF8*$!
{
	archiveVersion = 1;
	classes = {
	};
	objectVersion = 55;
	objects = {

/* Begin PBXBuildFile section */
		42758A882ADF2ED300A1F747 /* AppDelegate.swift in Sources */ = {isa = PBXBuildFile; fileRef = 42758A872ADF2ED300A1F747 /* AppDelegate.swift */; };
		42758A8A2ADF2ED300A1F747 /* SceneDelegate.swift in Sources */ = {isa = PBXBuildFile; fileRef = 42758A892ADF2ED300A1F747 /* SceneDelegate.swift */; };
		42758A8C2ADF2ED300A1F747 /* ViewController.swift in Sources */ = {isa = PBXBuildFile; fileRef = 42758A8B2ADF2ED300A1F747 /* ViewController.swift */; };
		42758A8F2ADF2ED300A1F747 /* Main.storyboard in Resources */ = {isa = PBXBuildFile; fileRef = 42758A8D2ADF2ED300A1F747 /* Main.storyboard */; };
		42758A922ADF2ED300A1F747 /* UsoCoreData.xcdatamodeld in Sources */ = {isa = PBXBuildFile; fileRef = 42758A902ADF2ED300A1F747 /* UsoCoreData.xcdatamodeld */; };
		42758A942ADF2ED600A1F747 /* Assets.xcassets in Resources */ = {isa = PBXBuildFile; fileRef = 42758A932ADF2ED600A1F747 /* Assets.xcassets */; };
		42758A972ADF2ED600A1F747 /* LaunchScreen.storyboard in Resources */ = {isa = PBXBuildFile; fileRef = 42758A952ADF2ED600A1F747 /* LaunchScreen.storyboard */; };
		42758AA12ADF3AE700A1F747 /* ViewControllerCrearTarea.swift in Sources */ = {isa = PBXBuildFile; fileRef = 42758AA02ADF3AE700A1F747 /* ViewControllerCrearTarea.swift */; };
		42758AA32ADF469800A1F747 /* ViewControllerTareaCompletada.swift in Sources */ = {isa = PBXBuildFile; fileRef = 42758AA22ADF469800A1F747 /* ViewControllerTareaCompletada.swift */; };
		42758AA52ADF5D6D00A1F747 /* ViewControllerEditarTarea.swift in Sources */ = {isa = PBXBuildFile; fileRef = 42758AA42ADF5D6D00A1F747 /* ViewControllerEditarTarea.swift */; };
/* End PBXBuildFile section */

/* Begin PBXFileReference section */
		42758A842ADF2ED300A1F747 /* UsoCoreData.app */ = {isa = PBXFileReference; explicitFileType = wrapper.application; includeInIndex = 0; path = UsoCoreData.app; sourceTree = BUILT_PRODUCTS_DIR; };
		42758A872ADF2ED300A1F747 /* AppDelegate.swift */ = {isa = PBXFileReference; lastKnownFileType = sourcecode.swift; path = AppDelegate.swift; sourceTree = "<group>"; };
		42758A892ADF2ED300A1F747 /* SceneDelegate.swift */ = {isa = PBXFileReference; lastKnownFileType = sourcecode.swift; path = SceneDelegate.swift; sourceTree = "<group>"; };
		42758A8B2ADF2ED300A1F747 /* ViewController.swift */ = {isa = PBXFileReference; lastKnownFileType = sourcecode.swift; path = ViewController.swift; sourceTree = "<group>"; };
		42758A8E2ADF2ED300A1F747 /* Base */ = {isa = PBXFileReference; lastKnownFileType = file.storyboard; name = Base; path = Base.lproj/Main.storyboard; sourceTree = "<group>"; };
		42758A912ADF2ED300A1F747 /* UsoCoreData.xcdatamodel */ = {isa = PBXFileReference; lastKnownFileType = wrapper.xcdatamodel; path = UsoCoreData.xcdatamodel; sourceTree = "<group>"; };
		42758A932ADF2ED600A1F747 /* Assets.xcassets */ = {isa = PBXFileReference; lastKnownFileType = folder.assetcatalog; path = Assets.xcassets; sourceTree = "<group>"; };
		42758A962ADF2ED600A1F747 /* Base */ = {isa = PBXFileReference; lastKnownFileType = file.storyboard; name = Base; path = Base.lproj/LaunchScreen.storyboard; sourceTree = "<group>"; };
		42758A982ADF2ED600A1F747 /* Info.plist */ = {isa = PBXFileReference; lastKnownFileType = text.plist.xml; path = Info.plist; sourceTree = "<group>"; };
		42758AA02ADF3AE700A1F747 /* ViewControllerCrearTarea.swift */ = {isa = PBXFileReference; lastKnownFileType = sourcecode.swift; path = ViewControllerCrearTarea.swift; sourceTree = "<group>"; };
		42758AA22ADF469800A1F747 /* ViewControllerTareaCompletada.swift */ = {isa = PBXFileReference; lastKnownFileType = sourcecode.swift; path = ViewControllerTareaCompletada.swift; sourceTree = "<group>"; };
		42758AA42ADF5D6D00A1F747 /* ViewControllerEditarTarea.swift */ = {isa = PBXFileReference; lastKnownFileType = sourcecode.swift; path = ViewControllerEditarTarea.swift; sourceTree = "<group>"; };
/* End PBXFileReference section */

/* Begin PBXFrameworksBuildPhase section */
		42758A812ADF2ED300A1F747 /* Frameworks */ = {
			isa = PBXFrameworksBuildPhase;
			buildActionMask = 2147483647;
			files = (
			);
			runOnlyForDeploymentPostprocessing = 0;
		};
/* End PBXFrameworksBuildPhase section */

/* Begin PBXGroup section */
		42758A7B2ADF2ED300A1F747 = {
			isa = PBXGroup;
			children = (
				42758A862ADF2ED300A1F747 /* UsoCoreData */,
				42758A852ADF2ED300A1F747 /* Products */,
			);
			sourceTree = "<group>";
		};
		42758A852ADF2ED300A1F747 /* Products */ = {
			isa = PBXGroup;
			children = (
				42758A842ADF2ED300A1F747 /* UsoCoreData.app */,
			);
			name = Products;
			sourceTree = "<group>";
		};
		42758A862ADF2ED300A1F747 /* UsoCoreData */ = {
			isa = PBXGroup;
			children = (
				42758A872ADF2ED300A1F747 /* AppDelegate.swift */,
				42758A892ADF2ED300A1F747 /* SceneDelegate.swift */,
				42758A8B2ADF2ED300A1F747 /* ViewController.swift */,
				42758AA22ADF469800A1F747 /* ViewControllerTareaCompletada.swift */,
				42758A8D2ADF2ED300A1F747 /* Main.storyboard */,
				42758AA42ADF5D6D00A1F747 /* ViewControllerEditarTarea.swift */,
				42758AA02ADF3AE700A1F747 /* ViewControllerCrearTarea.swift */,
				42758A932ADF2ED600A1F747 /* Assets.xcassets */,
				42758A952ADF2ED600A1F747 /* LaunchScreen.storyboard */,
				42758A982ADF2ED600A1F747 /* Info.plist */,
				42758A902ADF2ED300A1F747 /* UsoCoreData.xcdatamodeld */,
			);
			path = UsoCoreData;
			sourceTree = "<group>";
		};
/* End PBXGroup section */

/* Begin PBXNativeTarget section */
		42758A832ADF2ED300A1F747 /* UsoCoreData */ = {
			isa = PBXNativeTarget;
			buildConfigurationList = 42758A9B2ADF2ED600A1F747 /* Build configuration list for PBXNativeTarget "UsoCoreData" */;
			buildPhases = (
				42758A802ADF2ED300A1F747 /* Sources */,
				42758A812ADF2ED300A1F747 /* Frameworks */,
				42758A822ADF2ED300A1F747 /* Resources */,
			);
			buildRules = (
			);
			dependencies = (
			);
			name = UsoCoreData;
			productName = UsoCoreData;
			productReference = 42758A842ADF2ED300A1F747 /* UsoCoreData.app */;
			productType = "com.apple.product-type.application";
		};
/* End PBXNativeTarget section */

/* Begin PBXProject section */
		42758A7C2ADF2ED300A1F747 /* Project object */ = {
			isa = PBXProject;
			attributes = {
				BuildIndependentTargetsInParallel = 1;
				LastSwiftUpdateCheck = 1330;
				LastUpgradeCheck = 1330;
				TargetAttributes = {
					42758A832ADF2ED300A1F747 = {
						CreatedOnToolsVersion = 13.3.1;
					};
				};
			};
			buildConfigurationList = 42758A7F2ADF2ED300A1F747 /* Build configuration list for PBXProject "UsoCoreData" */;
			compatibilityVersion = "Xcode 13.0";
			developmentRegion = en;
			hasScannedForEncodings = 0;
			knownRegions = (
				en,
				Base,
			);
			mainGroup = 42758A7B2ADF2ED300A1F747;
			productRefGroup = 42758A852ADF2ED300A1F747 /* Products */;
			projectDirPath = "";
			projectRoot = "";
			targets = (
				42758A832ADF2ED300A1F747 /* UsoCoreData */,
			);
		};
/* End PBXProject section */

/* Begin PBXResourcesBuildPhase section */
		42758A822ADF2ED300A1F747 /* Resources */ = {
			isa = PBXResourcesBuildPhase;
			buildActionMask = 2147483647;
			files = (
				42758A972ADF2ED600A1F747 /* LaunchScreen.storyboard in Resources */,
				42758A942ADF2ED600A1F747 /* Assets.xcassets in Resources */,
				42758A8F2ADF2ED300A1F747 /* Main.storyboard in Resources */,
			);
			runOnlyForDeploymentPostprocessing = 0;
		};
/* End PBXResourcesBuildPhase section */

/* Begin PBXSourcesBuildPhase section */
		42758A802ADF2ED300A1F747 /* Sources */ = {
			isa = PBXSourcesBuildPhase;
			buildActionMask = 2147483647;
			files = (
				42758AA52ADF5D6D00A1F747 /* ViewControllerEditarTarea.swift in Sources */,
				42758A8C2ADF2ED300A1F747 /* ViewController.swift in Sources */,
				42758AA32ADF469800A1F747 /* ViewControllerTareaCompletada.swift in Sources */,
				42758A882ADF2ED300A1F747 /* AppDelegate.swift in Sources */,
				42758A922ADF2ED300A1F747 /* UsoCoreData.xcdatamodeld in Sources */,
				42758A8A2ADF2ED300A1F747 /* SceneDelegate.swift in Sources */,
				42758AA12ADF3AE700A1F747 /* ViewControllerCrearTarea.swift in Sources */,
			);
			runOnlyForDeploymentPostprocessing = 0;
		};
/* End PBXSourcesBuildPhase section */

/* Begin PBXVariantGroup section */
		42758A8D2ADF2ED300A1F747 /* Main.storyboard */ = {
			isa = PBXVariantGroup;
			children = (
				42758A8E2ADF2ED300A1F747 /* Base */,
			);
			name = Main.storyboard;
			sourceTree = "<group>";
		};
		42758A952ADF2ED600A1F747 /* LaunchScreen.storyboard */ = {
			isa = PBXVariantGroup;
			children = (
				42758A962ADF2ED600A1F747 /* Base */,
			);
			name = LaunchScreen.storyboard;
			sourceTree = "<group>";
		};
/* End PBXVariantGroup section */

/* Begin XCBuildConfiguration section */
		42758A992ADF2ED600A1F747 /* Debug */ = {
			isa = XCBuildConfiguration;
			buildSettings = {
				ALWAYS_SEARCH_USER_PATHS = NO;
				CLANG_ANALYZER_NONNULL = YES;
				CLANG_ANALYZER_NUMBER_OBJECT_CONVERSION = YES_AGGRESSIVE;
				CLANG_CXX_LANGUAGE_STANDARD = "gnu++17";
				CLANG_ENABLE_MODULES = YES;
				CLANG_ENABLE_OBJC_ARC = YES;
				CLANG_ENABLE_OBJC_WEAK = YES;
				CLANG_WARN_BLOCK_CAPTURE_AUTORELEASING = YES;
				CLANG_WARN_BOOL_CONVERSION = YES;
				CLANG_WARN_COMMA = YES;
				CLANG_WARN_CONSTANT_CONVERSION = YES;
				CLANG_WARN_DEPRECATED_OBJC_IMPLEMENTATIONS = YES;
				CLANG_WARN_DIRECT_OBJC_ISA_USAGE = YES_ERROR;
				CLANG_WARN_DOCUMENTATION_COMMENTS = YES;
				CLANG_WARN_EMPTY_BODY = YES;
				CLANG_WARN_ENUM_CONVERSION = YES;
				CLANG_WARN_INFINITE_RECURSION = YES;
				CLANG_WARN_INT_CONVERSION = YES;
				CLANG_WARN_NON_LITERAL_NULL_CONVERSION = YES;
				CLANG_WARN_OBJC_IMPLICIT_RETAIN_SELF = YES;
				CLANG_WARN_OBJC_LITERAL_CONVERSION = YES;
				CLANG_WARN_OBJC_ROOT_CLASS = YES_ERROR;
				CLANG_WARN_QUOTED_INCLUDE_IN_FRAMEWORK_HEADER = YES;
				CLANG_WARN_RANGE_LOOP_ANALYSIS = YES;
				CLANG_WARN_STRICT_PROTOTYPES = YES;
				CLANG_WARN_SUSPICIOUS_MOVE = YES;
				CLANG_WARN_UNGUARDED_AVAILABILITY = YES_AGGRESSIVE;
				CLANG_WARN_UNREACHABLE_CODE = YES;
				CLANG_WARN__DUPLICATE_METHOD_MATCH = YES;
				COPY_PHASE_STRIP = NO;
				DEBUG_INFORMATION_FORMAT = dwarf;
				ENABLE_STRICT_OBJC_MSGSEND = YES;
				ENABLE_TESTABILITY = YES;
				GCC_C_LANGUAGE_STANDARD = gnu11;
				GCC_DYNAMIC_NO_PIC = NO;
				GCC_NO_COMMON_BLOCKS = YES;
				GCC_OPTIMIZATION_LEVEL = 0;
				GCC_PREPROCESSOR_DEFINITIONS = (
					"DEBUG=1",
					"$(inherited)",
				);
				GCC_WARN_64_TO_32_BIT_CONVERSION = YES;
				GCC_WARN_ABOUT_RETURN_TYPE = YES_ERROR;
				GCC_WARN_UNDECLARED_SELECTOR = YES;
				GCC_WARN_UNINITIALIZED_AUTOS = YES_AGGRESSIVE;
				GCC_WARN_UNUSED_FUNCTION = YES;
				GCC_WARN_UNUSED_VARIABLE = YES;
				IPHONEOS_DEPLOYMENT_TARGET = 15.4;
				MTL_ENABLE_DEBUG_INFO = INCLUDE_SOURCE;
				MTL_FAST_MATH = YES;
				ONLY_ACTIVE_ARCH = YES;
				SDKROOT = iphoneos;
				SWIFT_ACTIVE_COMPILATION_CONDITIONS = DEBUG;
				SWIFT_OPTIMIZATION_LEVEL = "-Onone";
			};
			name = Debug;
		};
		42758A9A2ADF2ED600A1F747 /* Release */ = {
			isa = XCBuildConfiguration;
			buildSettings = {
				ALWAYS_SEARCH_USER_PATHS = NO;
				CLANG_ANALYZER_NONNULL = YES;
				CLANG_ANALYZER_NUMBER_OBJECT_CONVERSION = YES_AGGRESSIVE;
				CLANG_CXX_LANGUAGE_STANDARD = "gnu++17";
				CLANG_ENABLE_MODULES = YES;
				CLANG_ENABLE_OBJC_ARC = YES;
				CLANG_ENABLE_OBJC_WEAK = YES;
				CLANG_WARN_BLOCK_CAPTURE_AUTORELEASING = YES;
				CLANG_WARN_BOOL_CONVERSION = YES;
				CLANG_WARN_COMMA = YES;
				CLANG_WARN_CONSTANT_CONVERSION = YES;
				CLANG_WARN_DEPRECATED_OBJC_IMPLEMENTATIONS = YES;
				CLANG_WARN_DIRECT_OBJC_ISA_USAGE = YES_ERROR;
				CLANG_WARN_DOCUMENTATION_COMMENTS = YES;
				CLANG_WARN_EMPTY_BODY = YES;
				CLANG_WARN_ENUM_CONVERSION = YES;
				CLANG_WARN_INFINITE_RECURSION = YES;
				CLANG_WARN_INT_CONVERSION = YES;
				CLANG_WARN_NON_LITERAL_NULL_CONVERSION = YES;
				CLANG_WARN_OBJC_IMPLICIT_RETAIN_SELF = YES;
				CLANG_WARN_OBJC_LITERAL_CONVERSION = YES;
				CLANG_WARN_OBJC_ROOT_CLASS = YES_ERROR;
				CLANG_WARN_QUOTED_INCLUDE_IN_FRAMEWORK_HEADER = YES;
				CLANG_WARN_RANGE_LOOP_ANALYSIS = YES;
				CLANG_WARN_STRICT_PROTOTYPES = YES;
				CLANG_WARN_SUSPICIOUS_MOVE = YES;
				CLANG_WARN_UNGUARDED_AVAILABILITY = YES_AGGRESSIVE;
				CLANG_WARN_UNREACHABLE_CODE = YES;
				CLANG_WARN__DUPLICATE_METHOD_MATCH = YES;
				COPY_PHASE_STRIP = NO;
				DEBUG_INFORMATION_FORMAT = "dwarf-with-dsym";
				ENABLE_NS_ASSERTIONS = NO;
				ENABLE_STRICT_OBJC_MSGSEND = YES;
				GCC_C_LANGUAGE_STANDARD = gnu11;
				GCC_NO_COMMON_BLOCKS = YES;
				GCC_WARN_64_TO_32_BIT_CONVERSION = YES;
				GCC_WARN_ABOUT_RETURN_TYPE = YES_ERROR;
				GCC_WARN_UNDECLARED_SELECTOR = YES;
				GCC_WARN_UNINITIALIZED_AUTOS = YES_AGGRESSIVE;
				GCC_WARN_UNUSED_FUNCTION = YES;
				GCC_WARN_UNUSED_VARIABLE = YES;
				IPHONEOS_DEPLOYMENT_TARGET = 15.4;
				MTL_ENABLE_DEBUG_INFO = NO;
				MTL_FAST_MATH = YES;
				SDKROOT = iphoneos;
				SWIFT_COMPILATION_MODE = wholemodule;
				SWIFT_OPTIMIZATION_LEVEL = "-O";
				VALIDATE_PRODUCT = YES;
			};
			name = Release;
		};
		42758A9C2ADF2ED600A1F747 /* Debug */ = {
			isa = XCBuildConfiguration;
			buildSettings = {
				ASSETCATALOG_COMPILER_APPICON_NAME = AppIcon;
				ASSETCATALOG_COMPILER_GLOBAL_ACCENT_COLOR_NAME = AccentColor;
				CODE_SIGN_STYLE = Automatic;
				CURRENT_PROJECT_VERSION = 1;
				GENERATE_INFOPLIST_FILE = YES;
				INFOPLIST_FILE = UsoCoreData/Info.plist;
				INFOPLIST_KEY_UIApplicationSupportsIndirectInputEvents = YES;
				INFOPLIST_KEY_UILaunchStoryboardName = LaunchScreen;
				INFOPLIST_KEY_UIMainStoryboardFile = Main;
				INFOPLIST_KEY_UISupportedInterfaceOrientations_iPad = "UIInterfaceOrientationPortrait UIInterfaceOrientationPortraitUpsideDown UIInterfaceOrientationLandscapeLeft UIInterfaceOrientationLandscapeRight";
				INFOPLIST_KEY_UISupportedInterfaceOrientations_iPhone = "UIInterfaceOrientationPortrait UIInterfaceOrientationLandscapeLeft UIInterfaceOrientationLandscapeRight";
				LD_RUNPATH_SEARCH_PATHS = (
					"$(inherited)",
					"@executable_path/Frameworks",
				);
				MARKETING_VERSION = 1.0;
				PRODUCT_BUNDLE_IDENTIFIER = empresa.UsoCoreData;
				PRODUCT_NAME = "$(TARGET_NAME)";
				SWIFT_EMIT_LOC_STRINGS = YES;
				SWIFT_VERSION = 5.0;
				TARGETED_DEVICE_FAMILY = "1,2";
			};
			name = Debug;
		};
		42758A9D2ADF2ED600A1F747 /* Release */ = {
			isa = XCBuildConfiguration;
			buildSettings = {
				ASSETCATALOG_COMPILER_APPICON_NAME = AppIcon;
				ASSETCATALOG_COMPILER_GLOBAL_ACCENT_COLOR_NAME = AccentColor;
				CODE_SIGN_STYLE = Automatic;
				CURRENT_PROJECT_VERSION = 1;
				GENERATE_INFOPLIST_FILE = YES;
				INFOPLIST_FILE = UsoCoreData/Info.plist;
				INFOPLIST_KEY_UIApplicationSupportsIndirectInputEvents = YES;
				INFOPLIST_KEY_UILaunchStoryboardName = LaunchScreen;
				INFOPLIST_KEY_UIMainStoryboardFile = Main;
				INFOPLIST_KEY_UISupportedInterfaceOrientations_iPad = "UIInterfaceOrientationPortrait UIInterfaceOrientationPortraitUpsideDown UIInterfaceOrientationLandscapeLeft UIInterfaceOrientationLandscapeRight";
				INFOPLIST_KEY_UISupportedInterfaceOrientations_iPhone = "UIInterfaceOrientationPortrait UIInterfaceOrientationLandscapeLeft UIInterfaceOrientationLandscapeRight";
				LD_RUNPATH_SEARCH_PATHS = (
					"$(inherited)",
					"@executable_path/Frameworks",
				);
				MARKETING_VERSION = 1.0;
				PRODUCT_BUNDLE_IDENTIFIER = empresa.UsoCoreData;
				PRODUCT_NAME = "$(TARGET_NAME)";
				SWIFT_EMIT_LOC_STRINGS = YES;
				SWIFT_VERSION = 5.0;
				TARGETED_DEVICE_FAMILY = "1,2";
			};
			name = Release;
		};
/* End XCBuildConfiguration section */

/* Begin XCConfigurationList section */
		42758A7F2ADF2ED300A1F747 /* Build configuration list for PBXProject "UsoCoreData" */ = {
			isa = XCConfigurationList;
			buildConfigurations = (
				42758A992ADF2ED600A1F747 /* Debug */,
				42758A9A2ADF2ED600A1F747 /* Release */,
			);
			defaultConfigurationIsVisible = 0;
			defaultConfigurationName = Release;
		};
		42758A9B2ADF2ED600A1F747 /* Build configuration list for PBXNativeTarget "UsoCoreData" */ = {
			isa = XCConfigurationList;
			buildConfigurations = (
				42758A9C2ADF2ED600A1F747 /* Debug */,
				42758A9D2ADF2ED600A1F747 /* Release */,
			);
			defaultConfigurationIsVisible = 0;
			defaultConfigurationName = Release;
		};
/* End XCConfigurationList section */

/* Begin XCVersionGroup section */
		42758A902ADF2ED300A1F747 /* UsoCoreData.xcdatamodeld */ = {
			isa = XCVersionGroup;
			children = (
				42758A912ADF2ED300A1F747 /* UsoCoreData.xcdatamodel */,
			);
			currentVersion = 42758A912ADF2ED300A1F747 /* UsoCoreData.xcdatamodel */;
			path = UsoCoreData.xcdatamodeld;
			sourceTree = "<group>";
			versionGroupType = wrapper.xcdatamodel;
		};
/* End XCVersionGroup section */
	};
	rootObject = 42758A7C2ADF2ED300A1F747 /* Project object */;
}
